// !$*UTF8*$!
{
	archiveVersion = 1;
	classes = {
	};
	objectVersion = 50;
	objects = {

/* Begin PBXBuildFile section */
		46F3CBA0236D454900CD3AD3 /* AppDelegate.swift in Sources */ = {isa = PBXBuildFile; fileRef = 46F3CB9F236D454900CD3AD3 /* AppDelegate.swift */; };
		46F3CBA2236D454900CD3AD3 /* SceneDelegate.swift in Sources */ = {isa = PBXBuildFile; fileRef = 46F3CBA1236D454900CD3AD3 /* SceneDelegate.swift */; };
		46F3CBA4236D454900CD3AD3 /* ViewController.swift in Sources */ = {isa = PBXBuildFile; fileRef = 46F3CBA3236D454900CD3AD3 /* ViewController.swift */; };
		46F3CBA7236D454900CD3AD3 /* Main.storyboard in Resources */ = {isa = PBXBuildFile; fileRef = 46F3CBA5236D454900CD3AD3 /* Main.storyboard */; };
		46F3CBA9236D454900CD3AD3 /* Assets.xcassets in Resources */ = {isa = PBXBuildFile; fileRef = 46F3CBA8236D454900CD3AD3 /* Assets.xcassets */; };
		46F3CBAC236D454900CD3AD3 /* LaunchScreen.storyboard in Resources */ = {isa = PBXBuildFile; fileRef = 46F3CBAA236D454900CD3AD3 /* LaunchScreen.storyboard */; };
		46F3CBB7236D454A00CD3AD3 /* TestAssesmentTests.swift in Sources */ = {isa = PBXBuildFile; fileRef = 46F3CBB6236D454A00CD3AD3 /* TestAssesmentTests.swift */; };
/* End PBXBuildFile section */

/* Begin PBXContainerItemProxy section */
		46F3CBB3236D454A00CD3AD3 /* PBXContainerItemProxy */ = {
			isa = PBXContainerItemProxy;
			containerPortal = 46F3CB94236D454900CD3AD3 /* Project object */;
			proxyType = 1;
			remoteGlobalIDString = 46F3CB9B236D454900CD3AD3;
			remoteInfo = TestAssesment;
		};
/* End PBXContainerItemProxy section */

/* Begin PBXFileReference section */
		46F3CB9C236D454900CD3AD3 /* TestAssesment.app */ = {isa = PBXFileReference; explicitFileType = wrapper.application; includeInIndex = 0; path = TestAssesment.app; sourceTree = BUILT_PRODUCTS_DIR; };
		46F3CB9F236D454900CD3AD3 /* AppDelegate.swift */ = {isa = PBXFileReference; lastKnownFileType = sourcecode.swift; path = AppDelegate.swift; sourceTree = "<group>"; };
		46F3CBA1236D454900CD3AD3 /* SceneDelegate.swift */ = {isa = PBXFileReference; lastKnownFileType = sourcecode.swift; path = SceneDelegate.swift; sourceTree = "<group>"; };
		46F3CBA3236D454900CD3AD3 /* ViewController.swift */ = {isa = PBXFileReference; lastKnownFileType = sourcecode.swift; path = ViewController.swift; sourceTree = "<group>"; };
		46F3CBA6236D454900CD3AD3 /* Base */ = {isa = PBXFileReference; lastKnownFileType = file.storyboard; name = Base; path = Base.lproj/Main.storyboard; sourceTree = "<group>"; };
		46F3CBA8236D454900CD3AD3 /* Assets.xcassets */ = {isa = PBXFileReference; lastKnownFileType = folder.assetcatalog; path = Assets.xcassets; sourceTree = "<group>"; };
		46F3CBAB236D454900CD3AD3 /* Base */ = {isa = PBXFileReference; lastKnownFileType = file.storyboard; name = Base; path = Base.lproj/LaunchScreen.storyboard; sourceTree = "<group>"; };
		46F3CBAD236D454900CD3AD3 /* Info.plist */ = {isa = PBXFileReference; lastKnownFileType = text.plist.xml; path = Info.plist; sourceTree = "<group>"; };
		46F3CBB2236D454A00CD3AD3 /* TestAssesmentTests.xctest */ = {isa = PBXFileReference; explicitFileType = wrapper.cfbundle; includeInIndex = 0; path = TestAssesmentTests.xctest; sourceTree = BUILT_PRODUCTS_DIR; };
		46F3CBB6236D454A00CD3AD3 /* TestAssesmentTests.swift */ = {isa = PBXFileReference; lastKnownFileType = sourcecode.swift; path = TestAssesmentTests.swift; sourceTree = "<group>"; };
		46F3CBB8236D454A00CD3AD3 /* Info.plist */ = {isa = PBXFileReference; lastKnownFileType = text.plist.xml; path = Info.plist; sourceTree = "<group>"; };
/* End PBXFileReference section */

/* Begin PBXFrameworksBuildPhase section */
		46F3CB99236D454900CD3AD3 /* Frameworks */ = {
			isa = PBXFrameworksBuildPhase;
			buildActionMask = 2147483647;
			files = (
			);
			runOnlyForDeploymentPostprocessing = 0;
		};
		46F3CBAF236D454A00CD3AD3 /* Frameworks */ = {
			isa = PBXFrameworksBuildPhase;
			buildActionMask = 2147483647;
			files = (
			);
			runOnlyForDeploymentPostprocessing = 0;
		};
/* End PBXFrameworksBuildPhase section */

/* Begin PBXGroup section */
		46F3CB93236D454900CD3AD3 = {
			isa = PBXGroup;
			children = (
				46F3CB9E236D454900CD3AD3 /* TestAssesment */,
				46F3CBB5236D454A00CD3AD3 /* TestAssesmentTests */,
				46F3CB9D236D454900CD3AD3 /* Products */,
			);
			sourceTree = "<group>";
		};
		46F3CB9D236D454900CD3AD3 /* Products */ = {
			isa = PBXGroup;
			children = (
				46F3CB9C236D454900CD3AD3 /* TestAssesment.app */,
				46F3CBB2236D454A00CD3AD3 /* TestAssesmentTests.xctest */,
			);
			name = Products;
			sourceTree = "<group>";
		};
		46F3CB9E236D454900CD3AD3 /* TestAssesment */ = {
			isa = PBXGroup;
			children = (
				46F3CB9F236D454900CD3AD3 /* AppDelegate.swift */,
				46F3CBA1236D454900CD3AD3 /* SceneDelegate.swift */,
				46F3CBA3236D454900CD3AD3 /* ViewController.swift */,
				46F3CBA5236D454900CD3AD3 /* Main.storyboard */,
				46F3CBA8236D454900CD3AD3 /* Assets.xcassets */,
				46F3CBAA236D454900CD3AD3 /* LaunchScreen.storyboard */,
				46F3CBAD236D454900CD3AD3 /* Info.plist */,
			);
			path = TestAssesment;
			sourceTree = "<group>";
		};
		46F3CBB5236D454A00CD3AD3 /* TestAssesmentTests */ = {
			isa = PBXGroup;
			children = (
				46F3CBB6236D454A00CD3AD3 /* TestAssesmentTests.swift */,
				46F3CBB8236D454A00CD3AD3 /* Info.plist */,
			);
			path = TestAssesmentTests;
			sourceTree = "<group>";
		};
/* End PBXGroup section */

/* Begin PBXNativeTarget section */
		46F3CB9B236D454900CD3AD3 /* TestAssesment */ = {
			isa = PBXNativeTarget;
			buildConfigurationList = 46F3CBBB236D454A00CD3AD3 /* Build configuration list for PBXNativeTarget "TestAssesment" */;
			buildPhases = (
				46F3CB98236D454900CD3AD3 /* Sources */,
				46F3CB99236D454900CD3AD3 /* Frameworks */,
				46F3CB9A236D454900CD3AD3 /* Resources */,
			);
			buildRules = (
			);
			dependencies = (
			);
			name = TestAssesment;
			productName = TestAssesment;
			productReference = 46F3CB9C236D454900CD3AD3 /* TestAssesment.app */;
			productType = "com.apple.product-type.application";
		};
		46F3CBB1236D454A00CD3AD3 /* TestAssesmentTests */ = {
			isa = PBXNativeTarget;
			buildConfigurationList = 46F3CBBE236D454A00CD3AD3 /* Build configuration list for PBXNativeTarget "TestAssesmentTests" */;
			buildPhases = (
				46F3CBAE236D454A00CD3AD3 /* Sources */,
				46F3CBAF236D454A00CD3AD3 /* Frameworks */,
				46F3CBB0236D454A00CD3AD3 /* Resources */,
			);
			buildRules = (
			);
			dependencies = (
				46F3CBB4236D454A00CD3AD3 /* PBXTargetDependency */,
			);
			name = TestAssesmentTests;
			productName = TestAssesmentTests;
			productReference = 46F3CBB2236D454A00CD3AD3 /* TestAssesmentTests.xctest */;
			productType = "com.apple.product-type.bundle.unit-test";
		};
/* End PBXNativeTarget section */

/* Begin PBXProject section */
		46F3CB94236D454900CD3AD3 /* Project object */ = {
			isa = PBXProject;
			attributes = {
				LastSwiftUpdateCheck = 1100;
				LastUpgradeCheck = 1100;
				ORGANIZATIONNAME = "Frank Thamel";
				TargetAttributes = {
					46F3CB9B236D454900CD3AD3 = {
						CreatedOnToolsVersion = 11.0;
					};
					46F3CBB1236D454A00CD3AD3 = {
						CreatedOnToolsVersion = 11.0;
						TestTargetID = 46F3CB9B236D454900CD3AD3;
					};
				};
			};
			buildConfigurationList = 46F3CB97236D454900CD3AD3 /* Build configuration list for PBXProject "TestAssesment" */;
			compatibilityVersion = "Xcode 9.3";
			developmentRegion = en;
			hasScannedForEncodings = 0;
			knownRegions = (
				en,
				Base,
			);
			mainGroup = 46F3CB93236D454900CD3AD3;
			productRefGroup = 46F3CB9D236D454900CD3AD3 /* Products */;
			projectDirPath = "";
			projectRoot = "";
			targets = (
				46F3CB9B236D454900CD3AD3 /* TestAssesment */,
				46F3CBB1236D454A00CD3AD3 /* TestAssesmentTests */,
			);
		};
/* End PBXProject section */

/* Begin PBXResourcesBuildPhase section */
		46F3CB9A236D454900CD3AD3 /* Resources */ = {
			isa = PBXResourcesBuildPhase;
			buildActionMask = 2147483647;
			files = (
				46F3CBAC236D454900CD3AD3 /* LaunchScreen.storyboard in Resources */,
				46F3CBA9236D454900CD3AD3 /* Assets.xcassets in Resources */,
				46F3CBA7236D454900CD3AD3 /* Main.storyboard in Resources */,
			);
			runOnlyForDeploymentPostprocessing = 0;
		};
		46F3CBB0236D454A00CD3AD3 /* Resources */ = {
			isa = PBXResourcesBuildPhase;
			buildActionMask = 2147483647;
			files = (
			);
			runOnlyForDeploymentPostprocessing = 0;
		};
/* End PBXResourcesBuildPhase section */

/* Begin PBXSourcesBuildPhase section */
		46F3CB98236D454900CD3AD3 /* Sources */ = {
			isa = PBXSourcesBuildPhase;
			buildActionMask = 2147483647;
			files = (
				46F3CBA4236D454900CD3AD3 /* ViewController.swift in Sources */,
				46F3CBA0236D454900CD3AD3 /* AppDelegate.swift in Sources */,
				46F3CBA2236D454900CD3AD3 /* SceneDelegate.swift in Sources */,
			);
			runOnlyForDeploymentPostprocessing = 0;
		};
		46F3CBAE236D454A00CD3AD3 /* Sources */ = {
			isa = PBXSourcesBuildPhase;
			buildActionMask = 2147483647;
			files = (
				46F3CBB7236D454A00CD3AD3 /* TestAssesmentTests.swift in Sources */,
			);
			runOnlyForDeploymentPostprocessing = 0;
		};
/* End PBXSourcesBuildPhase section */

/* Begin PBXTargetDependency section */
		46F3CBB4236D454A00CD3AD3 /* PBXTargetDependency */ = {
			isa = PBXTargetDependency;
			target = 46F3CB9B236D454900CD3AD3 /* TestAssesment */;
			targetProxy = 46F3CBB3236D454A00CD3AD3 /* PBXContainerItemProxy */;
		};
/* End PBXTargetDependency section */

/* Begin PBXVariantGroup section */
		46F3CBA5236D454900CD3AD3 /* Main.storyboard */ = {
			isa = PBXVariantGroup;
			children = (
				46F3CBA6236D454900CD3AD3 /* Base */,
			);
			name = Main.storyboard;
			sourceTree = "<group>";
		};
		46F3CBAA236D454900CD3AD3 /* LaunchScreen.storyboard */ = {
			isa = PBXVariantGroup;
			children = (
				46F3CBAB236D454900CD3AD3 /* Base */,
			);
			name = LaunchScreen.storyboard;
			sourceTree = "<group>";
		};
/* End PBXVariantGroup section */

/* Begin XCBuildConfiguration section */
		46F3CBB9236D454A00CD3AD3 /* Debug */ = {
			isa = XCBuildConfiguration;
			buildSettings = {
				ALWAYS_SEARCH_USER_PATHS = NO;
				CLANG_ANALYZER_NONNULL = YES;
				CLANG_ANALYZER_NUMBER_OBJECT_CONVERSION = YES_AGGRESSIVE;
				CLANG_CXX_LANGUAGE_STANDARD = "gnu++14";
				CLANG_CXX_LIBRARY = "libc++";
				CLANG_ENABLE_MODULES = YES;
				CLANG_ENABLE_OBJC_ARC = YES;
				CLANG_ENABLE_OBJC_WEAK = YES;
				CLANG_WARN_BLOCK_CAPTURE_AUTORELEASING = YES;
				CLANG_WARN_BOOL_CONVERSION = YES;
				CLANG_WARN_COMMA = YES;
				CLANG_WARN_CONSTANT_CONVERSION = YES;
				CLANG_WARN_DEPRECATED_OBJC_IMPLEMENTATIONS = YES;
				CLANG_WARN_DIRECT_OBJC_ISA_USAGE = YES_ERROR;
				CLANG_WARN_DOCUMENTATION_COMMENTS = YES;
				CLANG_WARN_EMPTY_BODY = YES;
				CLANG_WARN_ENUM_CONVERSION = YES;
				CLANG_WARN_INFINITE_RECURSION = YES;
				CLANG_WARN_INT_CONVERSION = YES;
				CLANG_WARN_NON_LITERAL_NULL_CONVERSION = YES;
				CLANG_WARN_OBJC_IMPLICIT_RETAIN_SELF = YES;
				CLANG_WARN_OBJC_LITERAL_CONVERSION = YES;
				CLANG_WARN_OBJC_ROOT_CLASS = YES_ERROR;
				CLANG_WARN_RANGE_LOOP_ANALYSIS = YES;
				CLANG_WARN_STRICT_PROTOTYPES = YES;
				CLANG_WARN_SUSPICIOUS_MOVE = YES;
				CLANG_WARN_UNGUARDED_AVAILABILITY = YES_AGGRESSIVE;
				CLANG_WARN_UNREACHABLE_CODE = YES;
				CLANG_WARN__DUPLICATE_METHOD_MATCH = YES;
				COPY_PHASE_STRIP = NO;
				DEBUG_INFORMATION_FORMAT = dwarf;
				ENABLE_STRICT_OBJC_MSGSEND = YES;
				ENABLE_TESTABILITY = YES;
				GCC_C_LANGUAGE_STANDARD = gnu11;
				GCC_DYNAMIC_NO_PIC = NO;
				GCC_NO_COMMON_BLOCKS = YES;
				GCC_OPTIMIZATION_LEVEL = 0;
				GCC_PREPROCESSOR_DEFINITIONS = (
					"DEBUG=1",
					"$(inherited)",
				);
				GCC_WARN_64_TO_32_BIT_CONVERSION = YES;
				GCC_WARN_ABOUT_RETURN_TYPE = YES_ERROR;
				GCC_WARN_UNDECLARED_SELECTOR = YES;
				GCC_WARN_UNINITIALIZED_AUTOS = YES_AGGRESSIVE;
				GCC_WARN_UNUSED_FUNCTION = YES;
				GCC_WARN_UNUSED_VARIABLE = YES;
				IPHONEOS_DEPLOYMENT_TARGET = 13.0;
				MTL_ENABLE_DEBUG_INFO = INCLUDE_SOURCE;
				MTL_FAST_MATH = YES;
				ONLY_ACTIVE_ARCH = YES;
				SDKROOT = iphoneos;
				SWIFT_ACTIVE_COMPILATION_CONDITIONS = DEBUG;
				SWIFT_OPTIMIZATION_LEVEL = "-Onone";
			};
			name = Debug;
		};
		46F3CBBA236D454A00CD3AD3 /* Release */ = {
			isa = XCBuildConfiguration;
			buildSettings = {
				ALWAYS_SEARCH_USER_PATHS = NO;
				CLANG_ANALYZER_NONNULL = YES;
				CLANG_ANALYZER_NUMBER_OBJECT_CONVERSION = YES_AGGRESSIVE;
				CLANG_CXX_LANGUAGE_STANDARD = "gnu++14";
				CLANG_CXX_LIBRARY = "libc++";
				CLANG_ENABLE_MODULES = YES;
				CLANG_ENABLE_OBJC_ARC = YES;
				CLANG_ENABLE_OBJC_WEAK = YES;
				CLANG_WARN_BLOCK_CAPTURE_AUTORELEASING = YES;
				CLANG_WARN_BOOL_CONVERSION = YES;
				CLANG_WARN_COMMA = YES;
				CLANG_WARN_CONSTANT_CONVERSION = YES;
				CLANG_WARN_DEPRECATED_OBJC_IMPLEMENTATIONS = YES;
				CLANG_WARN_DIRECT_OBJC_ISA_USAGE = YES_ERROR;
				CLANG_WARN_DOCUMENTATION_COMMENTS = YES;
				CLANG_WARN_EMPTY_BODY = YES;
				CLANG_WARN_ENUM_CONVERSION = YES;
				CLANG_WARN_INFINITE_RECURSION = YES;
				CLANG_WARN_INT_CONVERSION = YES;
				CLANG_WARN_NON_LITERAL_NULL_CONVERSION = YES;
				CLANG_WARN_OBJC_IMPLICIT_RETAIN_SELF = YES;
				CLANG_WARN_OBJC_LITERAL_CONVERSION = YES;
				CLANG_WARN_OBJC_ROOT_CLASS = YES_ERROR;
				CLANG_WARN_RANGE_LOOP_ANALYSIS = YES;
				CLANG_WARN_STRICT_PROTOTYPES = YES;
				CLANG_WARN_SUSPICIOUS_MOVE = YES;
				CLANG_WARN_UNGUARDED_AVAILABILITY = YES_AGGRESSIVE;
				CLANG_WARN_UNREACHABLE_CODE = YES;
				CLANG_WARN__DUPLICATE_METHOD_MATCH = YES;
				COPY_PHASE_STRIP = NO;
				DEBUG_INFORMATION_FORMAT = "dwarf-with-dsym";
				ENABLE_NS_ASSERTIONS = NO;
				ENABLE_STRICT_OBJC_MSGSEND = YES;
				GCC_C_LANGUAGE_STANDARD = gnu11;
				GCC_NO_COMMON_BLOCKS = YES;
				GCC_WARN_64_TO_32_BIT_CONVERSION = YES;
				GCC_WARN_ABOUT_RETURN_TYPE = YES_ERROR;
				GCC_WARN_UNDECLARED_SELECTOR = YES;
				GCC_WARN_UNINITIALIZED_AUTOS = YES_AGGRESSIVE;
				GCC_WARN_UNUSED_FUNCTION = YES;
				GCC_WARN_UNUSED_VARIABLE = YES;
				IPHONEOS_DEPLOYMENT_TARGET = 13.0;
				MTL_ENABLE_DEBUG_INFO = NO;
				MTL_FAST_MATH = YES;
				SDKROOT = iphoneos;
				SWIFT_COMPILATION_MODE = wholemodule;
				SWIFT_OPTIMIZATION_LEVEL = "-O";
				VALIDATE_PRODUCT = YES;
			};
			name = Release;
		};
		46F3CBBC236D454A00CD3AD3 /* Debug */ = {
			isa = XCBuildConfiguration;
			buildSettings = {
				ASSETCATALOG_COMPILER_APPICON_NAME = AppIcon;
				CODE_SIGN_STYLE = Automatic;
				INFOPLIST_FILE = TestAssesment/Info.plist;
				LD_RUNPATH_SEARCH_PATHS = (
					"$(inherited)",
					"@executable_path/Frameworks",
				);
				PRODUCT_BUNDLE_IDENTIFIER = com.frankthamel.TestAssesment;
				PRODUCT_NAME = "$(TARGET_NAME)";
				SWIFT_VERSION = 5.0;
				TARGETED_DEVICE_FAMILY = "1,2";
			};
			name = Debug;
		};
		46F3CBBD236D454A00CD3AD3 /* Release */ = {
			isa = XCBuildConfiguration;
			buildSettings = {
				ASSETCATALOG_COMPILER_APPICON_NAME = AppIcon;
				CODE_SIGN_STYLE = Automatic;
				INFOPLIST_FILE = TestAssesment/Info.plist;
				LD_RUNPATH_SEARCH_PATHS = (
					"$(inherited)",
					"@executable_path/Frameworks",
				);
				PRODUCT_BUNDLE_IDENTIFIER = com.frankthamel.TestAssesment;
				PRODUCT_NAME = "$(TARGET_NAME)";
				SWIFT_VERSION = 5.0;
				TARGETED_DEVICE_FAMILY = "1,2";
			};
			name = Release;
		};
		46F3CBBF236D454A00CD3AD3 /* Debug */ = {
			isa = XCBuildConfiguration;
			buildSettings = {
				ALWAYS_EMBED_SWIFT_STANDARD_LIBRARIES = YES;
				BUNDLE_LOADER = "$(TEST_HOST)";
				CODE_SIGN_STYLE = Automatic;
				INFOPLIST_FILE = TestAssesmentTests/Info.plist;
				IPHONEOS_DEPLOYMENT_TARGET = 13.0;
				LD_RUNPATH_SEARCH_PATHS = (
					"$(inherited)",
					"@executable_path/Frameworks",
					"@loader_path/Frameworks",
				);
				PRODUCT_BUNDLE_IDENTIFIER = com.frankthamel.TestAssesmentTests;
				PRODUCT_NAME = "$(TARGET_NAME)";
				SWIFT_VERSION = 5.0;
				TARGETED_DEVICE_FAMILY = "1,2";
				TEST_HOST = "$(BUILT_PRODUCTS_DIR)/TestAssesment.app/TestAssesment";
			};
			name = Debug;
		};
		46F3CBC0236D454A00CD3AD3 /* Release */ = {
			isa = XCBuildConfiguration;
			buildSettings = {
				ALWAYS_EMBED_SWIFT_STANDARD_LIBRARIES = YES;
				BUNDLE_LOADER = "$(TEST_HOST)";
				CODE_SIGN_STYLE = Automatic;
				INFOPLIST_FILE = TestAssesmentTests/Info.plist;
				IPHONEOS_DEPLOYMENT_TARGET = 13.0;
				LD_RUNPATH_SEARCH_PATHS = (
					"$(inherited)",
					"@executable_path/Frameworks",
					"@loader_path/Frameworks",
				);
				PRODUCT_BUNDLE_IDENTIFIER = com.frankthamel.TestAssesmentTests;
				PRODUCT_NAME = "$(TARGET_NAME)";
				SWIFT_VERSION = 5.0;
				TARGETED_DEVICE_FAMILY = "1,2";
				TEST_HOST = "$(BUILT_PRODUCTS_DIR)/TestAssesment.app/TestAssesment";
			};
			name = Release;
		};
/* End XCBuildConfiguration section */

/* Begin XCConfigurationList section */
		46F3CB97236D454900CD3AD3 /* Build configuration list for PBXProject "TestAssesment" */ = {
			isa = XCConfigurationList;
			buildConfigurations = (
				46F3CBB9236D454A00CD3AD3 /* Debug */,
				46F3CBBA236D454A00CD3AD3 /* Release */,
			);
			defaultConfigurationIsVisible = 0;
			defaultConfigurationName = Release;
		};
		46F3CBBB236D454A00CD3AD3 /* Build configuration list for PBXNativeTarget "TestAssesment" */ = {
			isa = XCConfigurationList;
			buildConfigurations = (
				46F3CBBC236D454A00CD3AD3 /* Debug */,
				46F3CBBD236D454A00CD3AD3 /* Release */,
			);
			defaultConfigurationIsVisible = 0;
			defaultConfigurationName = Release;
		};
		46F3CBBE236D454A00CD3AD3 /* Build configuration list for PBXNativeTarget "TestAssesmentTests" */ = {
			isa = XCConfigurationList;
			buildConfigurations = (
				46F3CBBF236D454A00CD3AD3 /* Debug */,
				46F3CBC0236D454A00CD3AD3 /* Release */,
			);
			defaultConfigurationIsVisible = 0;
			defaultConfigurationName = Release;
		};
/* End XCConfigurationList section */
	};
	rootObject = 46F3CB94236D454900CD3AD3 /* Project object */;
}
